<Solution>
  <Folder Name="/src/">
    <Project Path="src/AnimeGo.Plugin.Abstractions/AnimeGo.Plugin.Abstractions.csproj" />
    <Project Path="src/AnimeGo.Plugin.Sdk/AnimeGo.Plugin.Sdk.csproj" />
    <Project Path="src/AnimeGo.PluginTool/AnimeGo.PluginTool.csproj" />
    <Project Path="src/AnimeGoNet.App/AnimeGoNet.App.csproj" />
    <Project Path="src/AnimeGoNet.Core/AnimeGoNet.Core.csproj" />
    <Project Path="src/AnimeGoNet.Data/AnimeGoNet.Data.csproj" />
  </Folder>
  <Folder Name="/templates/">
    <Project Path="templates/AnimeGo.Plugin.Templates/AnimeGo.Plugin.Templates.csproj" />
  </Folder>
  <Folder Name="/tools/">
    <Project Path="tools/AnimeGoNet.DataBuilder/AnimeGoNet.DataBuilder.csproj" />
    <Project Path="tools/AnimeGoNet.LegacyCacheImporter/AnimeGoNet.LegacyCacheImporter.csproj" />
  </Folder>
  <Folder Name="/tests/">
    <Project Path="tests/AnimeGo.PluginTool.Tests/AnimeGo.PluginTool.Tests.csproj" />
    <Project Path="tests/AnimeGo.Plugin.Sdk.Tests/AnimeGo.Plugin.Sdk.Tests.csproj" />
    <Project Path="tests/AnimeGo.Plugin.Abstractions.Tests/AnimeGo.Plugin.Abstractions.Tests.csproj" />
    <Project Path="tests/AnimeGoNet.App.Tests/AnimeGoNet.App.Tests.csproj" />
    <Project Path="tests/AnimeGoNet.ContainerPluginFixture/AnimeGoNet.ContainerPluginFixture.csproj" />
    <Project Path="tests/AnimeGoNet.Core.Tests/AnimeGoNet.Core.Tests.csproj" />
    <Project Path="tests/AnimeGoNet.Data.Tests/AnimeGoNet.Data.Tests.csproj" />
    <Project Path="tests/AnimeGoNet.PluginProtocol.Fixture/AnimeGoNet.PluginProtocol.Fixture.csproj" />
    <Project Path="tests/AnimeGoNet.NativeMetadataSmokeFixture/AnimeGoNet.NativeMetadataSmokeFixture.csproj" />
  </Folder>
</Solution>
